
Microsoft Visual Studio Solution File, Format Version 12.00
# Visual Studio Version 17
VisualStudioVersion = 17.9.34723.18
MinimumVisualStudioVersion = 10.0.40219.1
Project("{FAE04EC0-301F-11D3-BF4B-00C04F79EFBC}") = "QuanLyQuanCafe", "QuanLyQuanCafe\QuanLyQuanCafe.csproj", "{81CEA61A-8109-495D-AF18-726D980CEBAD}"
EndProject
Global
	GlobalSection(SolutionConfigurationPlatforms) = preSolution
		Debug|Any CPU = Debug|Any CPU
		Release|Any CPU = Release|Any CPU
	EndGlobalSection
	GlobalSection(ProjectConfigurationPlatforms) = postSolution
		{81CEA61A-8109-495D-AF18-726D980CEBAD}.Debug|Any CPU.ActiveCfg = Debug|Any CPU
		{81CEA61A-8109-495D-AF18-726D980CEBAD}.Debug|Any CPU.Build.0 = Debug|Any CPU
		{81CEA61A-8109-495D-AF18-726D980CEBAD}.Release|Any CPU.ActiveCfg = Release|Any CPU
		{81CEA61A-8109-495D-AF18-726D980CEBAD}.Release|Any CPU.Build.0 = Release|Any CPU
	EndGlobalSection
	GlobalSection(SolutionProperties) = preSolution
		HideSolutionNode = FALSE
	EndGlobalSection
	GlobalSection(ExtensibilityGlobals) = postSolution
		SolutionGuid = {AAA758B9-6AF5-4A38-9884-984C5C7C4CD1}
	EndGlobalSection
EndGlobal
